
Microsoft Visual Studio Solution File, Format Version 12.00
# Visual Studio Version 17
VisualStudioVersion = 17.1.32210.238
MinimumVisualStudioVersion = 10.0.40219.1
Project("{FAE04EC0-301F-11D3-BF4B-00C04F79EFBC}") = "TestASPNETMVCProj", "TestASPNETMVCProj\TestASPNETMVCProj.csproj", "{8B6E5504-66B5-42A1-947B-D5976147909C}"
EndProject
Global
	GlobalSection(SolutionConfigurationPlatforms) = preSolution
		Debug|Any CPU = Debug|Any CPU
		Release|Any CPU = Release|Any CPU
	EndGlobalSection
	GlobalSection(ProjectConfigurationPlatforms) = postSolution
		{8B6E5504-66B5-42A1-947B-D5976147909C}.Debug|Any CPU.ActiveCfg = Debug|Any CPU
		{8B6E5504-66B5-42A1-947B-D5976147909C}.Debug|Any CPU.Build.0 = Debug|Any CPU
		{8B6E5504-66B5-42A1-947B-D5976147909C}.Release|Any CPU.ActiveCfg = Release|Any CPU
		{8B6E5504-66B5-42A1-947B-D5976147909C}.Release|Any CPU.Build.0 = Release|Any CPU
	EndGlobalSection
	GlobalSection(SolutionProperties) = preSolution
		HideSolutionNode = FALSE
	EndGlobalSection
	GlobalSection(ExtensibilityGlobals) = postSolution
		SolutionGuid = {D50B1944-911C-4BD1-BE2F-1CB511780560}
	EndGlobalSection
EndGlobal
